
Microsoft Visual Studio Solution File, Format Version 12.00
# Visual Studio Version 17
VisualStudioVersion = 17.13.35825.156 d17.13
MinimumVisualStudioVersion = 10.0.40219.1
Project("{FAE04EC0-301F-11D3-BF4B-00C04F79EFBC}") = "VenueBookingSystemCode", "VenueBookingSystemCode.csproj", "{6B8B65AB-FF03-476F-97C9-712F4C48B380}"
EndProject
Global
	GlobalSection(SolutionConfigurationPlatforms) = preSolution
		Debug|Any CPU = Debug|Any CPU
		Release|Any CPU = Release|Any CPU
	EndGlobalSection
	GlobalSection(ProjectConfigurationPlatforms) = postSolution
		{6B8B65AB-FF03-476F-97C9-712F4C48B380}.Debug|Any CPU.ActiveCfg = Debug|Any CPU
		{6B8B65AB-FF03-476F-97C9-712F4C48B380}.Debug|Any CPU.Build.0 = Debug|Any CPU
		{6B8B65AB-FF03-476F-97C9-712F4C48B380}.Release|Any CPU.ActiveCfg = Release|Any CPU
		{6B8B65AB-FF03-476F-97C9-712F4C48B380}.Release|Any CPU.Build.0 = Release|Any CPU
	EndGlobalSection
	GlobalSection(SolutionProperties) = preSolution
		HideSolutionNode = FALSE
	EndGlobalSection
	GlobalSection(ExtensibilityGlobals) = postSolution
		SolutionGuid = {0D2CBBAB-AF19-4416-B8B5-BAE9863FC31D}
	EndGlobalSection
EndGlobal
